{
  "name": "my-ts-library",
  "version": "1.0.0",
  "lockfileVersion": 3,
  "requires": true,
  "packages": {
    "": {
      "name": "my-ts-library",
      "version": "1.0.0",
      "license": "ISC",
      "dependencies": {
        "@capacitor/device": "^7.0.0"
      },
      "devDependencies": {
        "typescript": "^5.8.2"
      }
    },
    "node_modules/@capacitor/core": {
      "version": "7.1.0",
      "resolved": "https://registry.npmjs.org/@capacitor/core/-/core-7.1.0.tgz",
      "integrity": "sha512-I0a4C8gux5sx+HDamJjCiWHEWRdJU3hejwURFOSwJjUmAMkfkrm4hOsI0dgd+S0eCkKKKYKz9WNm7DAIvhm2zw==",
      "peer": true,
      "dependencies": {
        "tslib": "^2.1.0"
      }
    },
    "node_modules/@capacitor/device": {
      "version": "7.0.0",
      "resolved": "https://registry.npmjs.org/@capacitor/device/-/device-7.0.0.tgz",
      "integrity": "sha512-jeG4end/kQYts4j08IXFlInq9/XIMlHk8eZBth9qkPbn9N4G19C2fRo84qHd/vkkUGd8IKtHQKQcH2svVOkdhg==",
      "peerDependencies": {
        "@capacitor/core": ">=7.0.0"
      }
    },
    "node_modules/tslib": {
      "version": "2.8.1",
      "resolved": "https://registry.npmjs.org/tslib/-/tslib-2.8.1.tgz",
      "integrity": "sha512-oJFu94HQb+KVduSUQL7wnpmqnfmLsOA/nAh6b6EH0wCEoK0/mPeXU6c3wKDV83MkOuHPRHtSXKKU99IBazS/2w==",
      "peer": true
    },
    "node_modules/typescript": {
      "version": "5.8.2",
      "resolved": "https://registry.npmjs.org/typescript/-/typescript-5.8.2.tgz",
      "integrity": "sha512-aJn6wq13/afZp/jT9QZmwEjDqqvSGp1VT5GVg+f/t6/oVyrgXM6BY1h9BRh/O5p3PlUPAe+WuiEZOmb/49RqoQ==",
      "dev": true,
      "bin": {
        "tsc": "bin/tsc",
        "tsserver": "bin/tsserver"
      },
      "engines": {
        "node": ">=14.17"
      }
    }
  }
}
